// !$*UTF8*$!
{
	archiveVersion = 1;
	classes = {
	};
	objectVersion = 46;
	objects = {

/* Begin PBXBuildFile section */
		C235C89B1D095853004D30EF /* AppDelegate.swift in Sources */ = {isa = PBXBuildFile; fileRef = C235C89A1D095853004D30EF /* AppDelegate.swift */; };
		C235C8A01D095853004D30EF /* Main.storyboard in Resources */ = {isa = PBXBuildFile; fileRef = C235C89E1D095853004D30EF /* Main.storyboard */; };
		C235C8A21D095853004D30EF /* Assets.xcassets in Resources */ = {isa = PBXBuildFile; fileRef = C235C8A11D095853004D30EF /* Assets.xcassets */; };
		C235C8A51D095853004D30EF /* LaunchScreen.storyboard in Resources */ = {isa = PBXBuildFile; fileRef = C235C8A31D095853004D30EF /* LaunchScreen.storyboard */; };
		C235C8B01D095853004D30EF /* LFLoginControllerTests.swift in Sources */ = {isa = PBXBuildFile; fileRef = C235C8AF1D095853004D30EF /* LFLoginControllerTests.swift */; };
		C235C8BB1D095853004D30EF /* LFLoginControllerUITests.swift in Sources */ = {isa = PBXBuildFile; fileRef = C235C8BA1D095853004D30EF /* LFLoginControllerUITests.swift */; };
		C235C8CF1D096CF5004D30EF /* PolarBear.mov in Resources */ = {isa = PBXBuildFile; fileRef = C235C8CE1D096CF5004D30EF /* PolarBear.mov */; };
		C236C3561D0BA9E30072A32C /* ViewController.swift in Sources */ = {isa = PBXBuildFile; fileRef = C236C3551D0BA9E30072A32C /* ViewController.swift */; };
		C236C3581D0BBBDD0072A32C /* Earth.mov in Resources */ = {isa = PBXBuildFile; fileRef = C236C3571D0BBBDD0072A32C /* Earth.mov */; };
		C26053E91D37F27A0046BDE5 /* AutoCompleteTextField.swift in Sources */ = {isa = PBXBuildFile; fileRef = C26053E81D37F27A0046BDE5 /* AutoCompleteTextField.swift */; };
		C26053EF1D37F31C0046BDE5 /* 1Password.xcassets in Resources */ = {isa = PBXBuildFile; fileRef = C26053EC1D37F31C0046BDE5 /* 1Password.xcassets */; };
		C26053F01D37F31C0046BDE5 /* OnePasswordExtension.m in Sources */ = {isa = PBXBuildFile; fileRef = C26053EE1D37F31C0046BDE5 /* OnePasswordExtension.m */; };
		C2BC635A1D222DA9009D3778 /* LFLoginController.swift in Sources */ = {isa = PBXBuildFile; fileRef = C2BC63591D222DA9009D3778 /* LFLoginController.swift */; };
/* End PBXBuildFile section */

/* Begin PBXContainerItemProxy section */
		C235C8AC1D095853004D30EF /* PBXContainerItemProxy */ = {
			isa = PBXContainerItemProxy;
			containerPortal = C235C88F1D095853004D30EF /* Project object */;
			proxyType = 1;
			remoteGlobalIDString = C235C8961D095853004D30EF;
			remoteInfo = LFLoginController;
		};
		C235C8B71D095853004D30EF /* PBXContainerItemProxy */ = {
			isa = PBXContainerItemProxy;
			containerPortal = C235C88F1D095853004D30EF /* Project object */;
			proxyType = 1;
			remoteGlobalIDString = C235C8961D095853004D30EF;
			remoteInfo = LFLoginController;
		};
/* End PBXContainerItemProxy section */

/* Begin PBXFileReference section */
		C235C8971D095853004D30EF /* LFLoginController.app */ = {isa = PBXFileReference; explicitFileType = wrapper.application; includeInIndex = 0; path = LFLoginController.app; sourceTree = BUILT_PRODUCTS_DIR; };
		C235C89A1D095853004D30EF /* AppDelegate.swift */ = {isa = PBXFileReference; lastKnownFileType = sourcecode.swift; path = AppDelegate.swift; sourceTree = "<group>"; };
		C235C89F1D095853004D30EF /* Base */ = {isa = PBXFileReference; lastKnownFileType = file.storyboard; name = Base; path = Base.lproj/Main.storyboard; sourceTree = "<group>"; };
		C235C8A11D095853004D30EF /* Assets.xcassets */ = {isa = PBXFileReference; lastKnownFileType = folder.assetcatalog; path = Assets.xcassets; sourceTree = "<group>"; };
		C235C8A41D095853004D30EF /* Base */ = {isa = PBXFileReference; lastKnownFileType = file.storyboard; name = Base; path = Base.lproj/LaunchScreen.storyboard; sourceTree = "<group>"; };
		C235C8A61D095853004D30EF /* Info.plist */ = {isa = PBXFileReference; lastKnownFileType = text.plist.xml; path = Info.plist; sourceTree = "<group>"; };
		C235C8AB1D095853004D30EF /* LFLoginControllerTests.xctest */ = {isa = PBXFileReference; explicitFileType = wrapper.cfbundle; includeInIndex = 0; path = LFLoginControllerTests.xctest; sourceTree = BUILT_PRODUCTS_DIR; };
		C235C8AF1D095853004D30EF /* LFLoginControllerTests.swift */ = {isa = PBXFileReference; lastKnownFileType = sourcecode.swift; path = LFLoginControllerTests.swift; sourceTree = "<group>"; };
		C235C8B11D095853004D30EF /* Info.plist */ = {isa = PBXFileReference; lastKnownFileType = text.plist.xml; path = Info.plist; sourceTree = "<group>"; };
		C235C8B61D095853004D30EF /* LFLoginControllerUITests.xctest */ = {isa = PBXFileReference; explicitFileType = wrapper.cfbundle; includeInIndex = 0; path = LFLoginControllerUITests.xctest; sourceTree = BUILT_PRODUCTS_DIR; };
		C235C8BA1D095853004D30EF /* LFLoginControllerUITests.swift */ = {isa = PBXFileReference; lastKnownFileType = sourcecode.swift; path = LFLoginControllerUITests.swift; sourceTree = "<group>"; };
		C235C8BC1D095853004D30EF /* Info.plist */ = {isa = PBXFileReference; lastKnownFileType = text.plist.xml; path = Info.plist; sourceTree = "<group>"; };
		C235C8CE1D096CF5004D30EF /* PolarBear.mov */ = {isa = PBXFileReference; lastKnownFileType = video.quicktime; path = PolarBear.mov; sourceTree = "<group>"; };
		C236C3551D0BA9E30072A32C /* ViewController.swift */ = {isa = PBXFileReference; fileEncoding = 4; lastKnownFileType = sourcecode.swift; path = ViewController.swift; sourceTree = "<group>"; };
		C236C3571D0BBBDD0072A32C /* Earth.mov */ = {isa = PBXFileReference; lastKnownFileType = video.quicktime; path = Earth.mov; sourceTree = "<group>"; };
		C26053E81D37F27A0046BDE5 /* AutoCompleteTextField.swift */ = {isa = PBXFileReference; fileEncoding = 4; lastKnownFileType = sourcecode.swift; name = AutoCompleteTextField.swift; path = Sources/AutoCompleteTextField.swift; sourceTree = SOURCE_ROOT; };
		C26053EB1D37F31C0046BDE5 /* LFLoginController-Bridging-Header.h */ = {isa = PBXFileReference; lastKnownFileType = sourcecode.c.h; path = "LFLoginController-Bridging-Header.h"; sourceTree = "<group>"; };
		C26053EC1D37F31C0046BDE5 /* 1Password.xcassets */ = {isa = PBXFileReference; lastKnownFileType = folder.assetcatalog; name = 1Password.xcassets; path = Sources/1Password.xcassets; sourceTree = SOURCE_ROOT; };
		C26053ED1D37F31C0046BDE5 /* OnePasswordExtension.h */ = {isa = PBXFileReference; fileEncoding = 4; lastKnownFileType = sourcecode.c.h; name = OnePasswordExtension.h; path = Sources/OnePasswordExtension.h; sourceTree = SOURCE_ROOT; };
		C26053EE1D37F31C0046BDE5 /* OnePasswordExtension.m */ = {isa = PBXFileReference; fileEncoding = 4; lastKnownFileType = sourcecode.c.objc; name = OnePasswordExtension.m; path = Sources/OnePasswordExtension.m; sourceTree = SOURCE_ROOT; };
		C2BC63591D222DA9009D3778 /* LFLoginController.swift */ = {isa = PBXFileReference; fileEncoding = 4; lastKnownFileType = sourcecode.swift; name = LFLoginController.swift; path = Sources/LFLoginController.swift; sourceTree = SOURCE_ROOT; };
/* End PBXFileReference section */

/* Begin PBXFrameworksBuildPhase section */
		C235C8941D095853004D30EF /* Frameworks */ = {
			isa = PBXFrameworksBuildPhase;
			buildActionMask = 2147483647;
			files = (
			);
			runOnlyForDeploymentPostprocessing = 0;
		};
		C235C8A81D095853004D30EF /* Frameworks */ = {
			isa = PBXFrameworksBuildPhase;
			buildActionMask = 2147483647;
			files = (
			);
			runOnlyForDeploymentPostprocessing = 0;
		};
		C235C8B31D095853004D30EF /* Frameworks */ = {
			isa = PBXFrameworksBuildPhase;
			buildActionMask = 2147483647;
			files = (
			);
			runOnlyForDeploymentPostprocessing = 0;
		};
/* End PBXFrameworksBuildPhase section */

/* Begin PBXGroup section */
		C235C88E1D095853004D30EF = {
			isa = PBXGroup;
			children = (
				C26053EA1D37F2850046BDE5 /* Sources */,
				C235C8991D095853004D30EF /* LFLoginController */,
				C235C8AE1D095853004D30EF /* LFLoginControllerTests */,
				C235C8B91D095853004D30EF /* LFLoginControllerUITests */,
				C235C8981D095853004D30EF /* Products */,
			);
			sourceTree = "<group>";
		};
		C235C8981D095853004D30EF /* Products */ = {
			isa = PBXGroup;
			children = (
				C235C8971D095853004D30EF /* LFLoginController.app */,
				C235C8AB1D095853004D30EF /* LFLoginControllerTests.xctest */,
				C235C8B61D095853004D30EF /* LFLoginControllerUITests.xctest */,
			);
			name = Products;
			sourceTree = "<group>";
		};
		C235C8991D095853004D30EF /* LFLoginController */ = {
			isa = PBXGroup;
			children = (
				C235C89A1D095853004D30EF /* AppDelegate.swift */,
				C236C3551D0BA9E30072A32C /* ViewController.swift */,
				C235C8CE1D096CF5004D30EF /* PolarBear.mov */,
				C236C3571D0BBBDD0072A32C /* Earth.mov */,
				C235C89E1D095853004D30EF /* Main.storyboard */,
				C235C8A11D095853004D30EF /* Assets.xcassets */,
				C235C8A31D095853004D30EF /* LaunchScreen.storyboard */,
				C235C8A61D095853004D30EF /* Info.plist */,
			);
			path = LFLoginController;
			sourceTree = "<group>";
		};
		C235C8AE1D095853004D30EF /* LFLoginControllerTests */ = {
			isa = PBXGroup;
			children = (
				C235C8AF1D095853004D30EF /* LFLoginControllerTests.swift */,
				C235C8B11D095853004D30EF /* Info.plist */,
			);
			path = LFLoginControllerTests;
			sourceTree = "<group>";
		};
		C235C8B91D095853004D30EF /* LFLoginControllerUITests */ = {
			isa = PBXGroup;
			children = (
				C235C8BA1D095853004D30EF /* LFLoginControllerUITests.swift */,
				C235C8BC1D095853004D30EF /* Info.plist */,
			);
			path = LFLoginControllerUITests;
			sourceTree = "<group>";
		};
		C26053EA1D37F2850046BDE5 /* Sources */ = {
			isa = PBXGroup;
			children = (
				C26053EC1D37F31C0046BDE5 /* 1Password.xcassets */,
				C26053ED1D37F31C0046BDE5 /* OnePasswordExtension.h */,
				C26053EE1D37F31C0046BDE5 /* OnePasswordExtension.m */,
				C2BC63591D222DA9009D3778 /* LFLoginController.swift */,
				C26053E81D37F27A0046BDE5 /* AutoCompleteTextField.swift */,
				C26053EB1D37F31C0046BDE5 /* LFLoginController-Bridging-Header.h */,
			);
			name = Sources;
			path = LFLoginController;
			sourceTree = "<group>";
		};
/* End PBXGroup section */

/* Begin PBXNativeTarget section */
		C235C8961D095853004D30EF /* LFLoginController */ = {
			isa = PBXNativeTarget;
			buildConfigurationList = C235C8BF1D095853004D30EF /* Build configuration list for PBXNativeTarget "LFLoginController" */;
			buildPhases = (
				C235C8931D095853004D30EF /* Sources */,
				C235C8941D095853004D30EF /* Frameworks */,
				C235C8951D095853004D30EF /* Resources */,
				C235C8D01D0A2074004D30EF /* ShellScript */,
			);
			buildRules = (
			);
			dependencies = (
			);
			name = LFLoginController;
			productName = LFLoginController;
			productReference = C235C8971D095853004D30EF /* LFLoginController.app */;
			productType = "com.apple.product-type.application";
		};
		C235C8AA1D095853004D30EF /* LFLoginControllerTests */ = {
			isa = PBXNativeTarget;
			buildConfigurationList = C235C8C21D095853004D30EF /* Build configuration list for PBXNativeTarget "LFLoginControllerTests" */;
			buildPhases = (
				C235C8A71D095853004D30EF /* Sources */,
				C235C8A81D095853004D30EF /* Frameworks */,
				C235C8A91D095853004D30EF /* Resources */,
			);
			buildRules = (
			);
			dependencies = (
				C235C8AD1D095853004D30EF /* PBXTargetDependency */,
			);
			name = LFLoginControllerTests;
			productName = LFLoginControllerTests;
			productReference = C235C8AB1D095853004D30EF /* LFLoginControllerTests.xctest */;
			productType = "com.apple.product-type.bundle.unit-test";
		};
		C235C8B51D095853004D30EF /* LFLoginControllerUITests */ = {
			isa = PBXNativeTarget;
			buildConfigurationList = C235C8C51D095853004D30EF /* Build configuration list for PBXNativeTarget "LFLoginControllerUITests" */;
			buildPhases = (
				C235C8B21D095853004D30EF /* Sources */,
				C235C8B31D095853004D30EF /* Frameworks */,
				C235C8B41D095853004D30EF /* Resources */,
			);
			buildRules = (
			);
			dependencies = (
				C235C8B81D095853004D30EF /* PBXTargetDependency */,
			);
			name = LFLoginControllerUITests;
			productName = LFLoginControllerUITests;
			productReference = C235C8B61D095853004D30EF /* LFLoginControllerUITests.xctest */;
			productType = "com.apple.product-type.bundle.ui-testing";
		};
/* End PBXNativeTarget section */

/* Begin PBXProject section */
		C235C88F1D095853004D30EF /* Project object */ = {
			isa = PBXProject;
			attributes = {
				LastSwiftUpdateCheck = 0730;
				LastUpgradeCheck = 0730;
				ORGANIZATIONNAME = "Lucas Farah";
				TargetAttributes = {
					C235C8961D095853004D30EF = {
						CreatedOnToolsVersion = 7.3;
					};
					C235C8AA1D095853004D30EF = {
						CreatedOnToolsVersion = 7.3;
						TestTargetID = C235C8961D095853004D30EF;
					};
					C235C8B51D095853004D30EF = {
						CreatedOnToolsVersion = 7.3;
						TestTargetID = C235C8961D095853004D30EF;
					};
				};
			};
			buildConfigurationList = C235C8921D095853004D30EF /* Build configuration list for PBXProject "LFLoginController" */;
			compatibilityVersion = "Xcode 3.2";
			developmentRegion = English;
			hasScannedForEncodings = 0;
			knownRegions = (
				en,
				Base,
			);
			mainGroup = C235C88E1D095853004D30EF;
			productRefGroup = C235C8981D095853004D30EF /* Products */;
			projectDirPath = "";
			projectRoot = "";
			targets = (
				C235C8961D095853004D30EF /* LFLoginController */,
				C235C8AA1D095853004D30EF /* LFLoginControllerTests */,
				C235C8B51D095853004D30EF /* LFLoginControllerUITests */,
			);
		};
/* End PBXProject section */

/* Begin PBXResourcesBuildPhase section */
		C235C8951D095853004D30EF /* Resources */ = {
			isa = PBXResourcesBuildPhase;
			buildActionMask = 2147483647;
			files = (
				C236C3581D0BBBDD0072A32C /* Earth.mov in Resources */,
				C235C8A51D095853004D30EF /* LaunchScreen.storyboard in Resources */,
				C26053EF1D37F31C0046BDE5 /* 1Password.xcassets in Resources */,
				C235C8CF1D096CF5004D30EF /* PolarBear.mov in Resources */,
				C235C8A21D095853004D30EF /* Assets.xcassets in Resources */,
				C235C8A01D095853004D30EF /* Main.storyboard in Resources */,
			);
			runOnlyForDeploymentPostprocessing = 0;
		};
		C235C8A91D095853004D30EF /* Resources */ = {
			isa = PBXResourcesBuildPhase;
			buildActionMask = 2147483647;
			files = (
			);
			runOnlyForDeploymentPostprocessing = 0;
		};
		C235C8B41D095853004D30EF /* Resources */ = {
			isa = PBXResourcesBuildPhase;
			buildActionMask = 2147483647;
			files = (
			);
			runOnlyForDeploymentPostprocessing = 0;
		};
/* End PBXResourcesBuildPhase section */

/* Begin PBXShellScriptBuildPhase section */
		C235C8D01D0A2074004D30EF /* ShellScript */ = {
			isa = PBXShellScriptBuildPhase;
			buildActionMask = 2147483647;
			files = (
			);
			inputPaths = (
			);
			outputPaths = (
			);
			runOnlyForDeploymentPostprocessing = 0;
			shellPath = /bin/sh;
			shellScript = "if which swiftlint >/dev/null; then\nswiftlint\nelse\necho \"warning: SwiftLint not installed, download from https://github.com/realm/SwiftLint\"\nfi";
		};
/* End PBXShellScriptBuildPhase section */

/* Begin PBXSourcesBuildPhase section */
		C235C8931D095853004D30EF /* Sources */ = {
			isa = PBXSourcesBuildPhase;
			buildActionMask = 2147483647;
			files = (
				C2BC635A1D222DA9009D3778 /* LFLoginController.swift in Sources */,
				C26053E91D37F27A0046BDE5 /* AutoCompleteTextField.swift in Sources */,
				C26053F01D37F31C0046BDE5 /* OnePasswordExtension.m in Sources */,
				C236C3561D0BA9E30072A32C /* ViewController.swift in Sources */,
				C235C89B1D095853004D30EF /* AppDelegate.swift in Sources */,
			);
			runOnlyForDeploymentPostprocessing = 0;
		};
		C235C8A71D095853004D30EF /* Sources */ = {
			isa = PBXSourcesBuildPhase;
			buildActionMask = 2147483647;
			files = (
				C235C8B01D095853004D30EF /* LFLoginControllerTests.swift in Sources */,
			);
			runOnlyForDeploymentPostprocessing = 0;
		};
		C235C8B21D095853004D30EF /* Sources */ = {
			isa = PBXSourcesBuildPhase;
			buildActionMask = 2147483647;
			files = (
				C235C8BB1D095853004D30EF /* LFLoginControllerUITests.swift in Sources */,
			);
			runOnlyForDeploymentPostprocessing = 0;
		};
/* End PBXSourcesBuildPhase section */

/* Begin PBXTargetDependency section */
		C235C8AD1D095853004D30EF /* PBXTargetDependency */ = {
			isa = PBXTargetDependency;
			target = C235C8961D095853004D30EF /* LFLoginController */;
			targetProxy = C235C8AC1D095853004D30EF /* PBXContainerItemProxy */;
		};
		C235C8B81D095853004D30EF /* PBXTargetDependency */ = {
			isa = PBXTargetDependency;
			target = C235C8961D095853004D30EF /* LFLoginController */;
			targetProxy = C235C8B71D095853004D30EF /* PBXContainerItemProxy */;
		};
/* End PBXTargetDependency section */

/* Begin PBXVariantGroup section */
		C235C89E1D095853004D30EF /* Main.storyboard */ = {
			isa = PBXVariantGroup;
			children = (
				C235C89F1D095853004D30EF /* Base */,
			);
			name = Main.storyboard;
			sourceTree = "<group>";
		};
		C235C8A31D095853004D30EF /* LaunchScreen.storyboard */ = {
			isa = PBXVariantGroup;
			children = (
				C235C8A41D095853004D30EF /* Base */,
			);
			name = LaunchScreen.storyboard;
			sourceTree = "<group>";
		};
/* End PBXVariantGroup section */

/* Begin XCBuildConfiguration section */
		C235C8BD1D095853004D30EF /* Debug */ = {
			isa = XCBuildConfiguration;
			buildSettings = {
				ALWAYS_SEARCH_USER_PATHS = NO;
				CLANG_ANALYZER_NONNULL = YES;
				CLANG_CXX_LANGUAGE_STANDARD = "gnu++0x";
				CLANG_CXX_LIBRARY = "libc++";
				CLANG_ENABLE_MODULES = YES;
				CLANG_ENABLE_OBJC_ARC = YES;
				CLANG_WARN_BOOL_CONVERSION = YES;
				CLANG_WARN_CONSTANT_CONVERSION = YES;
				CLANG_WARN_DIRECT_OBJC_ISA_USAGE = YES_ERROR;
				CLANG_WARN_EMPTY_BODY = YES;
				CLANG_WARN_ENUM_CONVERSION = YES;
				CLANG_WARN_INT_CONVERSION = YES;
				CLANG_WARN_OBJC_ROOT_CLASS = YES_ERROR;
				CLANG_WARN_UNREACHABLE_CODE = YES;
				CLANG_WARN__DUPLICATE_METHOD_MATCH = YES;
				"CODE_SIGN_IDENTITY[sdk=iphoneos*]" = "iPhone Developer";
				COPY_PHASE_STRIP = NO;
				DEBUG_INFORMATION_FORMAT = dwarf;
				ENABLE_STRICT_OBJC_MSGSEND = YES;
				ENABLE_TESTABILITY = YES;
				GCC_C_LANGUAGE_STANDARD = gnu99;
				GCC_DYNAMIC_NO_PIC = NO;
				GCC_NO_COMMON_BLOCKS = YES;
				GCC_OPTIMIZATION_LEVEL = 0;
				GCC_PREPROCESSOR_DEFINITIONS = (
					"DEBUG=1",
					"$(inherited)",
				);
				GCC_WARN_64_TO_32_BIT_CONVERSION = YES;
				GCC_WARN_ABOUT_RETURN_TYPE = YES_ERROR;
				GCC_WARN_UNDECLARED_SELECTOR = YES;
				GCC_WARN_UNINITIALIZED_AUTOS = YES_AGGRESSIVE;
				GCC_WARN_UNUSED_FUNCTION = YES;
				GCC_WARN_UNUSED_VARIABLE = YES;
				IPHONEOS_DEPLOYMENT_TARGET = 9.3;
				MTL_ENABLE_DEBUG_INFO = YES;
				ONLY_ACTIVE_ARCH = YES;
				SDKROOT = iphoneos;
				SWIFT_OPTIMIZATION_LEVEL = "-Onone";
			};
			name = Debug;
		};
		C235C8BE1D095853004D30EF /* Release */ = {
			isa = XCBuildConfiguration;
			buildSettings = {
				ALWAYS_SEARCH_USER_PATHS = NO;
				CLANG_ANALYZER_NONNULL = YES;
				CLANG_CXX_LANGUAGE_STANDARD = "gnu++0x";
				CLANG_CXX_LIBRARY = "libc++";
				CLANG_ENABLE_MODULES = YES;
				CLANG_ENABLE_OBJC_ARC = YES;
				CLANG_WARN_BOOL_CONVERSION = YES;
				CLANG_WARN_CONSTANT_CONVERSION = YES;
				CLANG_WARN_DIRECT_OBJC_ISA_USAGE = YES_ERROR;
				CLANG_WARN_EMPTY_BODY = YES;
				CLANG_WARN_ENUM_CONVERSION = YES;
				CLANG_WARN_INT_CONVERSION = YES;
				CLANG_WARN_OBJC_ROOT_CLASS = YES_ERROR;
				CLANG_WARN_UNREACHABLE_CODE = YES;
				CLANG_WARN__DUPLICATE_METHOD_MATCH = YES;
				"CODE_SIGN_IDENTITY[sdk=iphoneos*]" = "iPhone Developer";
				COPY_PHASE_STRIP = NO;
				DEBUG_INFORMATION_FORMAT = "dwarf-with-dsym";
				ENABLE_NS_ASSERTIONS = NO;
				ENABLE_STRICT_OBJC_MSGSEND = YES;
				GCC_C_LANGUAGE_STANDARD = gnu99;
				GCC_NO_COMMON_BLOCKS = YES;
				GCC_WARN_64_TO_32_BIT_CONVERSION = YES;
				GCC_WARN_ABOUT_RETURN_TYPE = YES_ERROR;
				GCC_WARN_UNDECLARED_SELECTOR = YES;
				GCC_WARN_UNINITIALIZED_AUTOS = YES_AGGRESSIVE;
				GCC_WARN_UNUSED_FUNCTION = YES;
				GCC_WARN_UNUSED_VARIABLE = YES;
				IPHONEOS_DEPLOYMENT_TARGET = 9.3;
				MTL_ENABLE_DEBUG_INFO = NO;
				SDKROOT = iphoneos;
				VALIDATE_PRODUCT = YES;
			};
			name = Release;
		};
		C235C8C01D095853004D30EF /* Debug */ = {
			isa = XCBuildConfiguration;
			buildSettings = {
				ASSETCATALOG_COMPILER_APPICON_NAME = AppIcon;
				CLANG_ENABLE_MODULES = YES;
				INFOPLIST_FILE = LFLoginController/Info.plist;
				LD_RUNPATH_SEARCH_PATHS = "$(inherited) @executable_path/Frameworks";
				PRODUCT_BUNDLE_IDENTIFIER = farah.lucas.LFLoginController;
				PRODUCT_NAME = "$(TARGET_NAME)";
				SWIFT_OBJC_BRIDGING_HEADER = "LFLoginController/LFLoginController-Bridging-Header.h";
				SWIFT_OPTIMIZATION_LEVEL = "-Onone";
			};
			name = Debug;
		};
		C235C8C11D095853004D30EF /* Release */ = {
			isa = XCBuildConfiguration;
			buildSettings = {
				ASSETCATALOG_COMPILER_APPICON_NAME = AppIcon;
				CLANG_ENABLE_MODULES = YES;
				INFOPLIST_FILE = LFLoginController/Info.plist;
				LD_RUNPATH_SEARCH_PATHS = "$(inherited) @executable_path/Frameworks";
				PRODUCT_BUNDLE_IDENTIFIER = farah.lucas.LFLoginController;
				PRODUCT_NAME = "$(TARGET_NAME)";
				SWIFT_OBJC_BRIDGING_HEADER = "LFLoginController/LFLoginController-Bridging-Header.h";
			};
			name = Release;
		};
		C235C8C31D095853004D30EF /* Debug */ = {
			isa = XCBuildConfiguration;
			buildSettings = {
				BUNDLE_LOADER = "$(TEST_HOST)";
				INFOPLIST_FILE = LFLoginControllerTests/Info.plist;
				LD_RUNPATH_SEARCH_PATHS = "$(inherited) @executable_path/Frameworks @loader_path/Frameworks";
				PRODUCT_BUNDLE_IDENTIFIER = farah.lucas.LFLoginControllerTests;
				PRODUCT_NAME = "$(TARGET_NAME)";
				TEST_HOST = "$(BUILT_PRODUCTS_DIR)/LFLoginController.app/LFLoginController";
			};
			name = Debug;
		};
		C235C8C41D095853004D30EF /* Release */ = {
			isa = XCBuildConfiguration;
			buildSettings = {
				BUNDLE_LOADER = "$(TEST_HOST)";
				INFOPLIST_FILE = LFLoginControllerTests/Info.plist;
				LD_RUNPATH_SEARCH_PATHS = "$(inherited) @executable_path/Frameworks @loader_path/Frameworks";
				PRODUCT_BUNDLE_IDENTIFIER = farah.lucas.LFLoginControllerTests;
				PRODUCT_NAME = "$(TARGET_NAME)";
				TEST_HOST = "$(BUILT_PRODUCTS_DIR)/LFLoginController.app/LFLoginController";
			};
			name = Release;
		};
		C235C8C61D095853004D30EF /* Debug */ = {
			isa = XCBuildConfiguration;
			buildSettings = {
				INFOPLIST_FILE = LFLoginControllerUITests/Info.plist;
				LD_RUNPATH_SEARCH_PATHS = "$(inherited) @executable_path/Frameworks @loader_path/Frameworks";
				PRODUCT_BUNDLE_IDENTIFIER = farah.lucas.LFLoginControllerUITests;
				PRODUCT_NAME = "$(TARGET_NAME)";
				TEST_TARGET_NAME = LFLoginController;
			};
			name = Debug;
		};
		C235C8C71D095853004D30EF /* Release */ = {
			isa = XCBuildConfiguration;
			buildSettings = {
				INFOPLIST_FILE = LFLoginControllerUITests/Info.plist;
				LD_RUNPATH_SEARCH_PATHS = "$(inherited) @executable_path/Frameworks @loader_path/Frameworks";
				PRODUCT_BUNDLE_IDENTIFIER = farah.lucas.LFLoginControllerUITests;
				PRODUCT_NAME = "$(TARGET_NAME)";
				TEST_TARGET_NAME = LFLoginController;
			};
			name = Release;
		};
/* End XCBuildConfiguration section */

/* Begin XCConfigurationList section */
		C235C8921D095853004D30EF /* Build configuration list for PBXProject "LFLoginController" */ = {
			isa = XCConfigurationList;
			buildConfigurations = (
				C235C8BD1D095853004D30EF /* Debug */,
				C235C8BE1D095853004D30EF /* Release */,
			);
			defaultConfigurationIsVisible = 0;
			defaultConfigurationName = Release;
		};
		C235C8BF1D095853004D30EF /* Build configuration list for PBXNativeTarget "LFLoginController" */ = {
			isa = XCConfigurationList;
			buildConfigurations = (
				C235C8C01D095853004D30EF /* Debug */,
				C235C8C11D095853004D30EF /* Release */,
			);
			defaultConfigurationIsVisible = 0;
			defaultConfigurationName = Release;
		};
		C235C8C21D095853004D30EF /* Build configuration list for PBXNativeTarget "LFLoginControllerTests" */ = {
			isa = XCConfigurationList;
			buildConfigurations = (
				C235C8C31D095853004D30EF /* Debug */,
				C235C8C41D095853004D30EF /* Release */,
			);
			defaultConfigurationIsVisible = 0;
			defaultConfigurationName = Release;
		};
		C235C8C51D095853004D30EF /* Build configuration list for PBXNativeTarget "LFLoginControllerUITests" */ = {
			isa = XCConfigurationList;
			buildConfigurations = (
				C235C8C61D095853004D30EF /* Debug */,
				C235C8C71D095853004D30EF /* Release */,
			);
			defaultConfigurationIsVisible = 0;
			defaultConfigurationName = Release;
		};
/* End XCConfigurationList section */
	};
	rootObject = C235C88F1D095853004D30EF /* Project object */;
}
